
Microsoft Visual Studio Solution File, Format Version 12.00
# Visual Studio 2012
Project("{FAE04EC0-301F-11D3-BF4B-00C04F79EFBC}") = "Vue", "Vue\Vue.csproj", "{B9BABEF0-1838-4AF7-8980-7179BAA118C7}"
EndProject
Project("{FAE04EC0-301F-11D3-BF4B-00C04F79EFBC}") = "Vue.Tests", "Vue.Tests\Vue.Tests.csproj", "{C1996B3B-3237-414F-9C6A-C1C5586DE262}"
EndProject
Global
	GlobalSection(SolutionConfigurationPlatforms) = preSolution
		Debug|Any CPU = Debug|Any CPU
		Release|Any CPU = Release|Any CPU
	EndGlobalSection
	GlobalSection(ProjectConfigurationPlatforms) = postSolution
		{B9BABEF0-1838-4AF7-8980-7179BAA118C7}.Debug|Any CPU.ActiveCfg = Debug|Any CPU
		{B9BABEF0-1838-4AF7-8980-7179BAA118C7}.Debug|Any CPU.Build.0 = Debug|Any CPU
		{B9BABEF0-1838-4AF7-8980-7179BAA118C7}.Release|Any CPU.ActiveCfg = Release|Any CPU
		{B9BABEF0-1838-4AF7-8980-7179BAA118C7}.Release|Any CPU.Build.0 = Release|Any CPU
		{C1996B3B-3237-414F-9C6A-C1C5586DE262}.Debug|Any CPU.ActiveCfg = Debug|Any CPU
		{C1996B3B-3237-414F-9C6A-C1C5586DE262}.Debug|Any CPU.Build.0 = Debug|Any CPU
		{C1996B3B-3237-414F-9C6A-C1C5586DE262}.Release|Any CPU.ActiveCfg = Release|Any CPU
		{C1996B3B-3237-414F-9C6A-C1C5586DE262}.Release|Any CPU.Build.0 = Release|Any CPU
	EndGlobalSection
	GlobalSection(MonoDevelopProperties) = preSolution
		Policies = $0
		$0.DotNetNamingPolicy = $1
		$1.DirectoryNamespaceAssociation = PrefixedHierarchical
		$0.VersionControlPolicy = $2
		$0.StandardHeader = $3
	EndGlobalSection
EndGlobal
